
Microsoft Visual Studio Solution File, Format Version 12.00
# Visual Studio 14
VisualStudioVersion = 14.0.25420.1
MinimumVisualStudioVersion = 10.0.40219.1
Project("{FAE04EC0-301F-11D3-BF4B-00C04F79EFBC}") = "eCommerce", "eCommerce\eCommerce.csproj", "{87ABC779-C5F0-44D4-95C0-AE659B6EA4E0}"
EndProject
Project("{FAE04EC0-301F-11D3-BF4B-00C04F79EFBC}") = "eCommerce.WebService", "eCommerce.WebService\eCommerce.WebService.csproj", "{685E3FE1-F960-41B7-8348-B4800AF2F001}"
EndProject
Project("{FAE04EC0-301F-11D3-BF4B-00C04F79EFBC}") = "eCommerce.PassThroughEventBus", "eCommerce.PassThroughEventBus\eCommerce.PassThroughEventBus.csproj", "{263B2DFC-1EF4-4139-B418-E711C45E0B5D}"
EndProject
Project("{FAE04EC0-301F-11D3-BF4B-00C04F79EFBC}") = "eCommerce.PassThroughEventBus.Test", "eCommerce.PassThroughEventBus.Test\eCommerce.PassThroughEventBus.Test.csproj", "{E71D5115-7FEA-4785-B37A-484A05F3F03A}"
EndProject
Project("{FAE04EC0-301F-11D3-BF4B-00C04F79EFBC}") = "WindowForm", "WindowForm\WindowForm.csproj", "{2ABE423A-2214-40FB-B405-A3A4FA246A29}"
EndProject
Project("{FAE04EC0-301F-11D3-BF4B-00C04F79EFBC}") = "DesignPatterns", "DesignPatterns\DesignPatterns.csproj", "{A6B3D57E-5E5A-4D50-8734-5EE8FF4BA375}"
EndProject
Global
	GlobalSection(SolutionConfigurationPlatforms) = preSolution
		Debug|Any CPU = Debug|Any CPU
		Release|Any CPU = Release|Any CPU
	EndGlobalSection
	GlobalSection(ProjectConfigurationPlatforms) = postSolution
		{87ABC779-C5F0-44D4-95C0-AE659B6EA4E0}.Debug|Any CPU.ActiveCfg = Debug|Any CPU
		{87ABC779-C5F0-44D4-95C0-AE659B6EA4E0}.Debug|Any CPU.Build.0 = Debug|Any CPU
		{87ABC779-C5F0-44D4-95C0-AE659B6EA4E0}.Release|Any CPU.ActiveCfg = Release|Any CPU
		{87ABC779-C5F0-44D4-95C0-AE659B6EA4E0}.Release|Any CPU.Build.0 = Release|Any CPU
		{685E3FE1-F960-41B7-8348-B4800AF2F001}.Debug|Any CPU.ActiveCfg = Debug|Any CPU
		{685E3FE1-F960-41B7-8348-B4800AF2F001}.Debug|Any CPU.Build.0 = Debug|Any CPU
		{685E3FE1-F960-41B7-8348-B4800AF2F001}.Release|Any CPU.ActiveCfg = Release|Any CPU
		{685E3FE1-F960-41B7-8348-B4800AF2F001}.Release|Any CPU.Build.0 = Release|Any CPU
		{263B2DFC-1EF4-4139-B418-E711C45E0B5D}.Debug|Any CPU.ActiveCfg = Debug|Any CPU
		{263B2DFC-1EF4-4139-B418-E711C45E0B5D}.Debug|Any CPU.Build.0 = Debug|Any CPU
		{263B2DFC-1EF4-4139-B418-E711C45E0B5D}.Release|Any CPU.ActiveCfg = Release|Any CPU
		{263B2DFC-1EF4-4139-B418-E711C45E0B5D}.Release|Any CPU.Build.0 = Release|Any CPU
		{E71D5115-7FEA-4785-B37A-484A05F3F03A}.Debug|Any CPU.ActiveCfg = Debug|Any CPU
		{E71D5115-7FEA-4785-B37A-484A05F3F03A}.Debug|Any CPU.Build.0 = Debug|Any CPU
		{E71D5115-7FEA-4785-B37A-484A05F3F03A}.Release|Any CPU.ActiveCfg = Release|Any CPU
		{E71D5115-7FEA-4785-B37A-484A05F3F03A}.Release|Any CPU.Build.0 = Release|Any CPU
		{2ABE423A-2214-40FB-B405-A3A4FA246A29}.Debug|Any CPU.ActiveCfg = Debug|Any CPU
		{2ABE423A-2214-40FB-B405-A3A4FA246A29}.Debug|Any CPU.Build.0 = Debug|Any CPU
		{2ABE423A-2214-40FB-B405-A3A4FA246A29}.Release|Any CPU.ActiveCfg = Release|Any CPU
		{2ABE423A-2214-40FB-B405-A3A4FA246A29}.Release|Any CPU.Build.0 = Release|Any CPU
		{A6B3D57E-5E5A-4D50-8734-5EE8FF4BA375}.Debug|Any CPU.ActiveCfg = Debug|Any CPU
		{A6B3D57E-5E5A-4D50-8734-5EE8FF4BA375}.Debug|Any CPU.Build.0 = Debug|Any CPU
		{A6B3D57E-5E5A-4D50-8734-5EE8FF4BA375}.Release|Any CPU.ActiveCfg = Release|Any CPU
		{A6B3D57E-5E5A-4D50-8734-5EE8FF4BA375}.Release|Any CPU.Build.0 = Release|Any CPU
	EndGlobalSection
	GlobalSection(SolutionProperties) = preSolution
		HideSolutionNode = FALSE
	EndGlobalSection
EndGlobal
